
Microsoft Visual Studio Solution File, Format Version 12.00
# Visual Studio Version 17
VisualStudioVersion = 17.8.34330.188
MinimumVisualStudioVersion = 10.0.40219.1
Project("{FAE04EC0-301F-11D3-BF4B-00C04F79EFBC}") = "WebChatIndentityServer4s", "WebChatIndentityServer4s\WebChatIndentityServer4s.csproj", "{45B51B12-FAC5-4C6F-8FAD-C930A51A00AF}"
EndProject
Global
	GlobalSection(SolutionConfigurationPlatforms) = preSolution
		Debug|Any CPU = Debug|Any CPU
		Release|Any CPU = Release|Any CPU
	EndGlobalSection
	GlobalSection(ProjectConfigurationPlatforms) = postSolution
		{45B51B12-FAC5-4C6F-8FAD-C930A51A00AF}.Debug|Any CPU.ActiveCfg = Debug|Any CPU
		{45B51B12-FAC5-4C6F-8FAD-C930A51A00AF}.Debug|Any CPU.Build.0 = Debug|Any CPU
		{45B51B12-FAC5-4C6F-8FAD-C930A51A00AF}.Release|Any CPU.ActiveCfg = Release|Any CPU
		{45B51B12-FAC5-4C6F-8FAD-C930A51A00AF}.Release|Any CPU.Build.0 = Release|Any CPU
	EndGlobalSection
	GlobalSection(SolutionProperties) = preSolution
		HideSolutionNode = FALSE
	EndGlobalSection
	GlobalSection(ExtensibilityGlobals) = postSolution
		SolutionGuid = {15FEC23B-BBF2-4408-B47A-649092D7991D}
	EndGlobalSection
EndGlobal
